
Microsoft Visual Studio Solution File, Format Version 12.00
# Visual Studio 15
VisualStudioVersion = 15.0.28307.1259
MinimumVisualStudioVersion = 10.0.40219.1
Project("{FAE04EC0-301F-11D3-BF4B-00C04F79EFBC}") = "UserInterface", "RegisterEstablishmentsCategories\UserInterface.csproj", "{DB804A9C-563F-4B3D-AA19-8E0A55FC2281}"
EndProject
Project("{FAE04EC0-301F-11D3-BF4B-00C04F79EFBC}") = "Business", "Business\Business.csproj", "{1B1875AC-A01F-4964-AD3E-A5335A8FA511}"
EndProject
Project("{FAE04EC0-301F-11D3-BF4B-00C04F79EFBC}") = "Models", "Models\Models.csproj", "{42DC6E94-A6B2-4CD8-9BE3-DBE08647B6FF}"
EndProject
Project("{FAE04EC0-301F-11D3-BF4B-00C04F79EFBC}") = "DataAccess", "DataAccess\DataAccess.csproj", "{527F8A4A-6D53-4C5F-9B45-BD0D3619502F}"
EndProject
Project("{FAE04EC0-301F-11D3-BF4B-00C04F79EFBC}") = "Utilities", "Utilities\Utilities.csproj", "{FECEEC70-44A5-4C95-9B47-DDFF0485A421}"
EndProject
Global
	GlobalSection(SolutionConfigurationPlatforms) = preSolution
		Debug|Any CPU = Debug|Any CPU
		Release|Any CPU = Release|Any CPU
	EndGlobalSection
	GlobalSection(ProjectConfigurationPlatforms) = postSolution
		{DB804A9C-563F-4B3D-AA19-8E0A55FC2281}.Debug|Any CPU.ActiveCfg = Debug|Any CPU
		{DB804A9C-563F-4B3D-AA19-8E0A55FC2281}.Debug|Any CPU.Build.0 = Debug|Any CPU
		{DB804A9C-563F-4B3D-AA19-8E0A55FC2281}.Release|Any CPU.ActiveCfg = Release|Any CPU
		{DB804A9C-563F-4B3D-AA19-8E0A55FC2281}.Release|Any CPU.Build.0 = Release|Any CPU
		{1B1875AC-A01F-4964-AD3E-A5335A8FA511}.Debug|Any CPU.ActiveCfg = Debug|Any CPU
		{1B1875AC-A01F-4964-AD3E-A5335A8FA511}.Debug|Any CPU.Build.0 = Debug|Any CPU
		{1B1875AC-A01F-4964-AD3E-A5335A8FA511}.Release|Any CPU.ActiveCfg = Release|Any CPU
		{1B1875AC-A01F-4964-AD3E-A5335A8FA511}.Release|Any CPU.Build.0 = Release|Any CPU
		{42DC6E94-A6B2-4CD8-9BE3-DBE08647B6FF}.Debug|Any CPU.ActiveCfg = Debug|Any CPU
		{42DC6E94-A6B2-4CD8-9BE3-DBE08647B6FF}.Debug|Any CPU.Build.0 = Debug|Any CPU
		{42DC6E94-A6B2-4CD8-9BE3-DBE08647B6FF}.Release|Any CPU.ActiveCfg = Release|Any CPU
		{42DC6E94-A6B2-4CD8-9BE3-DBE08647B6FF}.Release|Any CPU.Build.0 = Release|Any CPU
		{527F8A4A-6D53-4C5F-9B45-BD0D3619502F}.Debug|Any CPU.ActiveCfg = Debug|Any CPU
		{527F8A4A-6D53-4C5F-9B45-BD0D3619502F}.Debug|Any CPU.Build.0 = Debug|Any CPU
		{527F8A4A-6D53-4C5F-9B45-BD0D3619502F}.Release|Any CPU.ActiveCfg = Release|Any CPU
		{527F8A4A-6D53-4C5F-9B45-BD0D3619502F}.Release|Any CPU.Build.0 = Release|Any CPU
		{FECEEC70-44A5-4C95-9B47-DDFF0485A421}.Debug|Any CPU.ActiveCfg = Debug|Any CPU
		{FECEEC70-44A5-4C95-9B47-DDFF0485A421}.Debug|Any CPU.Build.0 = Debug|Any CPU
		{FECEEC70-44A5-4C95-9B47-DDFF0485A421}.Release|Any CPU.ActiveCfg = Release|Any CPU
		{FECEEC70-44A5-4C95-9B47-DDFF0485A421}.Release|Any CPU.Build.0 = Release|Any CPU
	EndGlobalSection
	GlobalSection(SolutionProperties) = preSolution
		HideSolutionNode = FALSE
	EndGlobalSection
	GlobalSection(ExtensibilityGlobals) = postSolution
		SolutionGuid = {843BD49B-7246-455F-A467-84896046A50D}
	EndGlobalSection
EndGlobal
